
Microsoft Visual Studio Solution File, Format Version 12.00
# Visual Studio Version 17
VisualStudioVersion = 17.2.32526.322
MinimumVisualStudioVersion = 10.0.40219.1
Project("{FAE04EC0-301F-11D3-BF4B-00C04F79EFBC}") = "Outputs", "Outputs\Outputs.csproj", "{D5B0CC5E-A8E8-49FE-A221-2A7C3B77F600}"
EndProject
Global
	GlobalSection(SolutionConfigurationPlatforms) = preSolution
		Debug|Any CPU = Debug|Any CPU
		Release|Any CPU = Release|Any CPU
	EndGlobalSection
	GlobalSection(ProjectConfigurationPlatforms) = postSolution
		{D5B0CC5E-A8E8-49FE-A221-2A7C3B77F600}.Debug|Any CPU.ActiveCfg = Debug|Any CPU
		{D5B0CC5E-A8E8-49FE-A221-2A7C3B77F600}.Debug|Any CPU.Build.0 = Debug|Any CPU
		{D5B0CC5E-A8E8-49FE-A221-2A7C3B77F600}.Release|Any CPU.ActiveCfg = Release|Any CPU
		{D5B0CC5E-A8E8-49FE-A221-2A7C3B77F600}.Release|Any CPU.Build.0 = Release|Any CPU
	EndGlobalSection
	GlobalSection(SolutionProperties) = preSolution
		HideSolutionNode = FALSE
	EndGlobalSection
	GlobalSection(ExtensibilityGlobals) = postSolution
		SolutionGuid = {144BA492-E830-4C4E-9D99-57AD70E9DDC7}
	EndGlobalSection
EndGlobal
